
Microsoft Visual Studio Solution File, Format Version 12.00
# Visual Studio Version 17
VisualStudioVersion = 17.14.36603.0
MinimumVisualStudioVersion = 10.0.40219.1
Project("{FAE04EC0-301F-11D3-BF4B-00C04F79EFBC}") = "DataLabelingSupportSystem.UI", "DataLabelingSupportSystem\DataLabelingSupportSystem.UI.csproj", "{B4FC4F72-01DF-4B09-9C13-939B0791F356}"
EndProject
Project("{FAE04EC0-301F-11D3-BF4B-00C04F79EFBC}") = "DataLabelingSupportSystem.BLL", "DataLabelingSupportSystem.BLL\DataLabelingSupportSystem.BLL.csproj", "{CC86E8B0-243E-42C9-911A-3A7309993648}"
EndProject
Project("{FAE04EC0-301F-11D3-BF4B-00C04F79EFBC}") = "DataLabelingSupportSystem.DAL", "DataLabelingSupportSystem.DAL\DataLabelingSupportSystem.DAL.csproj", "{7E0C9304-6AAD-8507-FD20-61ECA0D0FBB6}"
EndProject
Global
	GlobalSection(SolutionConfigurationPlatforms) = preSolution
		Debug|Any CPU = Debug|Any CPU
		Release|Any CPU = Release|Any CPU
	EndGlobalSection
	GlobalSection(ProjectConfigurationPlatforms) = postSolution
		{B4FC4F72-01DF-4B09-9C13-939B0791F356}.Debug|Any CPU.ActiveCfg = Debug|Any CPU
		{B4FC4F72-01DF-4B09-9C13-939B0791F356}.Debug|Any CPU.Build.0 = Debug|Any CPU
		{B4FC4F72-01DF-4B09-9C13-939B0791F356}.Release|Any CPU.ActiveCfg = Release|Any CPU
		{B4FC4F72-01DF-4B09-9C13-939B0791F356}.Release|Any CPU.Build.0 = Release|Any CPU
		{CC86E8B0-243E-42C9-911A-3A7309993648}.Debug|Any CPU.ActiveCfg = Debug|Any CPU
		{CC86E8B0-243E-42C9-911A-3A7309993648}.Debug|Any CPU.Build.0 = Debug|Any CPU
		{CC86E8B0-243E-42C9-911A-3A7309993648}.Release|Any CPU.ActiveCfg = Release|Any CPU
		{CC86E8B0-243E-42C9-911A-3A7309993648}.Release|Any CPU.Build.0 = Release|Any CPU
		{7E0C9304-6AAD-8507-FD20-61ECA0D0FBB6}.Debug|Any CPU.ActiveCfg = Debug|Any CPU
		{7E0C9304-6AAD-8507-FD20-61ECA0D0FBB6}.Debug|Any CPU.Build.0 = Debug|Any CPU
		{7E0C9304-6AAD-8507-FD20-61ECA0D0FBB6}.Release|Any CPU.ActiveCfg = Release|Any CPU
		{7E0C9304-6AAD-8507-FD20-61ECA0D0FBB6}.Release|Any CPU.Build.0 = Release|Any CPU
	EndGlobalSection
	GlobalSection(SolutionProperties) = preSolution
		HideSolutionNode = FALSE
	EndGlobalSection
	GlobalSection(ExtensibilityGlobals) = postSolution
		SolutionGuid = {A8A3964C-B338-4CB4-825F-55794572D081}
	EndGlobalSection
EndGlobal
